schema: '2.0'
stages:
  data_ingestion:
    cmd: python src/cnnClassifier/pipeline/stage_01_data_ingestion.py
    deps:
    - path: config/config.yaml
      hash: md5
      md5: 8db91fa3b48abb2c6054b1498517083a
      size: 583
    - path: src/cnnClassifier/pipeline/stage_01_data_ingestion.py
      hash: md5
      md5: 448ac6769acb1b23c89bba4feec41a34
      size: 855
    outs:
    - path: artifacts/data_ingestion/unzip/Chicken-fecal-images
      hash: md5
      md5: 9e1f8dd2eae3c29e9d635df89d438ae4.dir
      size: 12207807
      nfiles: 390
  prepare_base_model:
    cmd: python src/cnnClassifier/pipeline/stage_02_prepare_base_model.py
    deps:
    - path: config/config.yaml
      hash: md5
      md5: 8db91fa3b48abb2c6054b1498517083a
      size: 583
    - path: src/cnnClassifier/pipeline/stage_02_prepare_base_model.py
      hash: md5
      md5: 33affab663c51d7c61d030d2f4787946
      size: 1103
    params:
      params.yaml:
        CLASSES: 2
        IMAGE_SIZE:
        - 224
        - 224
        - 3
        INCLUDE_TOP: false
        LEARNING_RATE: 0.01
        WEIGHTS: imagenet
    outs:
    - path: artifacts/prepare_base_model
      hash: md5
      md5: 7a80ba90633493c71152579551ae092b.dir
      size: 118058104
      nfiles: 2
  training:
    cmd: python src/cnnClassifier/pipeline/stage_03_model_training.py
    deps:
    - path: artifacts/data_ingestion/unzip/Chicken-fecal-images
      hash: md5
      md5: 9e1f8dd2eae3c29e9d635df89d438ae4.dir
      size: 12207807
      nfiles: 390
    - path: artifacts/prepare_base_model
      hash: md5
      md5: 7a80ba90633493c71152579551ae092b.dir
      size: 118058104
      nfiles: 2
    - path: config/config.yaml
      hash: md5
      md5: 8db91fa3b48abb2c6054b1498517083a
      size: 583
    - path: src/cnnClassifier/pipeline/stage_03_model_training.py
      hash: md5
      md5: 96dd0aa82b6f95b10a68c22cacf2ff64
      size: 893
    params:
      params.yaml:
        AUGMENTATION: true
        BATCH_SIZE: 16
        EPOCHS: 5
        IMAGE_SIZE:
        - 224
        - 224
        - 3
    outs:
    - path: artifacts/training/trained_model.h5
      hash: md5
      md5: 9f5cfa143b86b8759b2729c2b0d7ba36
      size: 59138368
